// !$*UTF8*$!
{
	archiveVersion = 1;
	classes = {
	};
	objectVersion = 50;
	objects = {

/* Begin PBXBuildFile section */
		6015D63E263C062D0005182C /* AppDelegate.swift in Sources */ = {isa = PBXBuildFile; fileRef = 6015D63D263C062D0005182C /* AppDelegate.swift */; };
		6015D640263C062D0005182C /* SceneDelegate.swift in Sources */ = {isa = PBXBuildFile; fileRef = 6015D63F263C062D0005182C /* SceneDelegate.swift */; };
		6015D642263C062D0005182C /* ViewController.swift in Sources */ = {isa = PBXBuildFile; fileRef = 6015D641263C062D0005182C /* ViewController.swift */; };
		6015D645263C062D0005182C /* Main.storyboard in Resources */ = {isa = PBXBuildFile; fileRef = 6015D643263C062D0005182C /* Main.storyboard */; };
		6015D648263C062D0005182C /* travel_co.xcdatamodeld in Sources */ = {isa = PBXBuildFile; fileRef = 6015D646263C062D0005182C /* travel_co.xcdatamodeld */; };
		6015D64A263C062E0005182C /* Assets.xcassets in Resources */ = {isa = PBXBuildFile; fileRef = 6015D649263C062E0005182C /* Assets.xcassets */; };
		6015D64D263C062E0005182C /* LaunchScreen.storyboard in Resources */ = {isa = PBXBuildFile; fileRef = 6015D64B263C062E0005182C /* LaunchScreen.storyboard */; };
/* End PBXBuildFile section */

/* Begin PBXFileReference section */
		6015D63A263C062D0005182C /* travel&co.app */ = {isa = PBXFileReference; explicitFileType = wrapper.application; includeInIndex = 0; path = "travel&co.app"; sourceTree = BUILT_PRODUCTS_DIR; };
		6015D63D263C062D0005182C /* AppDelegate.swift */ = {isa = PBXFileReference; lastKnownFileType = sourcecode.swift; path = AppDelegate.swift; sourceTree = "<group>"; };
		6015D63F263C062D0005182C /* SceneDelegate.swift */ = {isa = PBXFileReference; lastKnownFileType = sourcecode.swift; path = SceneDelegate.swift; sourceTree = "<group>"; };
		6015D641263C062D0005182C /* ViewController.swift */ = {isa = PBXFileReference; lastKnownFileType = sourcecode.swift; path = ViewController.swift; sourceTree = "<group>"; };
		6015D644263C062D0005182C /* Base */ = {isa = PBXFileReference; lastKnownFileType = file.storyboard; name = Base; path = Base.lproj/Main.storyboard; sourceTree = "<group>"; };
		6015D647263C062D0005182C /* travel_co.xcdatamodel */ = {isa = PBXFileReference; lastKnownFileType = wrapper.xcdatamodel; path = travel_co.xcdatamodel; sourceTree = "<group>"; };
		6015D649263C062E0005182C /* Assets.xcassets */ = {isa = PBXFileReference; lastKnownFileType = folder.assetcatalog; path = Assets.xcassets; sourceTree = "<group>"; };
		6015D64C263C062E0005182C /* Base */ = {isa = PBXFileReference; lastKnownFileType = file.storyboard; name = Base; path = Base.lproj/LaunchScreen.storyboard; sourceTree = "<group>"; };
		6015D64E263C062E0005182C /* Info.plist */ = {isa = PBXFileReference; lastKnownFileType = text.plist.xml; path = Info.plist; sourceTree = "<group>"; };
/* End PBXFileReference section */

/* Begin PBXFrameworksBuildPhase section */
		6015D637263C062D0005182C /* Frameworks */ = {
			isa = PBXFrameworksBuildPhase;
			buildActionMask = 2147483647;
			files = (
			);
			runOnlyForDeploymentPostprocessing = 0;
		};
/* End PBXFrameworksBuildPhase section */

/* Begin PBXGroup section */
		6015D631263C062D0005182C = {
			isa = PBXGroup;
			children = (
				6015D63C263C062D0005182C /* travel&co */,
				6015D63B263C062D0005182C /* Products */,
			);
			sourceTree = "<group>";
		};
		6015D63B263C062D0005182C /* Products */ = {
			isa = PBXGroup;
			children = (
				6015D63A263C062D0005182C /* travel&co.app */,
			);
			name = Products;
			sourceTree = "<group>";
		};
		6015D63C263C062D0005182C /* travel&co */ = {
			isa = PBXGroup;
			children = (
				6015D63D263C062D0005182C /* AppDelegate.swift */,
				6015D63F263C062D0005182C /* SceneDelegate.swift */,
				6015D641263C062D0005182C /* ViewController.swift */,
				6015D643263C062D0005182C /* Main.storyboard */,
				6015D649263C062E0005182C /* Assets.xcassets */,
				6015D64B263C062E0005182C /* LaunchScreen.storyboard */,
				6015D64E263C062E0005182C /* Info.plist */,
				6015D646263C062D0005182C /* travel_co.xcdatamodeld */,
			);
			path = "travel&co";
			sourceTree = "<group>";
		};
/* End PBXGroup section */

/* Begin PBXNativeTarget section */
		6015D639263C062D0005182C /* travel&co */ = {
			isa = PBXNativeTarget;
			buildConfigurationList = 6015D651263C062E0005182C /* Build configuration list for PBXNativeTarget "travel&co" */;
			buildPhases = (
				6015D636263C062D0005182C /* Sources */,
				6015D637263C062D0005182C /* Frameworks */,
				6015D638263C062D0005182C /* Resources */,
			);
			buildRules = (
			);
			dependencies = (
			);
			name = "travel&co";
			productName = "travel&co";
			productReference = 6015D63A263C062D0005182C /* travel&co.app */;
			productType = "com.apple.product-type.application";
		};
/* End PBXNativeTarget section */

/* Begin PBXProject section */
		6015D632263C062D0005182C /* Project object */ = {
			isa = PBXProject;
			attributes = {
				LastSwiftUpdateCheck = 1240;
				LastUpgradeCheck = 1240;
				TargetAttributes = {
					6015D639263C062D0005182C = {
						CreatedOnToolsVersion = 12.4;
					};
				};
			};
			buildConfigurationList = 6015D635263C062D0005182C /* Build configuration list for PBXProject "travel&co" */;
			compatibilityVersion = "Xcode 9.3";
			developmentRegion = en;
			hasScannedForEncodings = 0;
			knownRegions = (
				en,
				Base,
			);
			mainGroup = 6015D631263C062D0005182C;
			productRefGroup = 6015D63B263C062D0005182C /* Products */;
			projectDirPath = "";
			projectRoot = "";
			targets = (
				6015D639263C062D0005182C /* travel&co */,
			);
		};
/* End PBXProject section */

/* Begin PBXResourcesBuildPhase section */
		6015D638263C062D0005182C /* Resources */ = {
			isa = PBXResourcesBuildPhase;
			buildActionMask = 2147483647;
			files = (
				6015D64D263C062E0005182C /* LaunchScreen.storyboard in Resources */,
				6015D64A263C062E0005182C /* Assets.xcassets in Resources */,
				6015D645263C062D0005182C /* Main.storyboard in Resources */,
			);
			runOnlyForDeploymentPostprocessing = 0;
		};
/* End PBXResourcesBuildPhase section */

/* Begin PBXSourcesBuildPhase section */
		6015D636263C062D0005182C /* Sources */ = {
			isa = PBXSourcesBuildPhase;
			buildActionMask = 2147483647;
			files = (
				6015D642263C062D0005182C /* ViewController.swift in Sources */,
				6015D648263C062D0005182C /* travel_co.xcdatamodeld in Sources */,
				6015D63E263C062D0005182C /* AppDelegate.swift in Sources */,
				6015D640263C062D0005182C /* SceneDelegate.swift in Sources */,
			);
			runOnlyForDeploymentPostprocessing = 0;
		};
/* End PBXSourcesBuildPhase section */

/* Begin PBXVariantGroup section */
		6015D643263C062D0005182C /* Main.storyboard */ = {
			isa = PBXVariantGroup;
			children = (
				6015D644263C062D0005182C /* Base */,
			);
			name = Main.storyboard;
			sourceTree = "<group>";
		};
		6015D64B263C062E0005182C /* LaunchScreen.storyboard */ = {
			isa = PBXVariantGroup;
			children = (
				6015D64C263C062E0005182C /* Base */,
			);
			name = LaunchScreen.storyboard;
			sourceTree = "<group>";
		};
/* End PBXVariantGroup section */

/* Begin XCBuildConfiguration section */
		6015D64F263C062E0005182C /* Debug */ = {
			isa = XCBuildConfiguration;
			buildSettings = {
				ALWAYS_SEARCH_USER_PATHS = NO;
				CLANG_ANALYZER_NONNULL = YES;
				CLANG_ANALYZER_NUMBER_OBJECT_CONVERSION = YES_AGGRESSIVE;
				CLANG_CXX_LANGUAGE_STANDARD = "gnu++14";
				CLANG_CXX_LIBRARY = "libc++";
				CLANG_ENABLE_MODULES = YES;
				CLANG_ENABLE_OBJC_ARC = YES;
				CLANG_ENABLE_OBJC_WEAK = YES;
				CLANG_WARN_BLOCK_CAPTURE_AUTORELEASING = YES;
				CLANG_WARN_BOOL_CONVERSION = YES;
				CLANG_WARN_COMMA = YES;
				CLANG_WARN_CONSTANT_CONVERSION = YES;
				CLANG_WARN_DEPRECATED_OBJC_IMPLEMENTATIONS = YES;
				CLANG_WARN_DIRECT_OBJC_ISA_USAGE = YES_ERROR;
				CLANG_WARN_DOCUMENTATION_COMMENTS = YES;
				CLANG_WARN_EMPTY_BODY = YES;
				CLANG_WARN_ENUM_CONVERSION = YES;
				CLANG_WARN_INFINITE_RECURSION = YES;
				CLANG_WARN_INT_CONVERSION = YES;
				CLANG_WARN_NON_LITERAL_NULL_CONVERSION = YES;
				CLANG_WARN_OBJC_IMPLICIT_RETAIN_SELF = YES;
				CLANG_WARN_OBJC_LITERAL_CONVERSION = YES;
				CLANG_WARN_OBJC_ROOT_CLASS = YES_ERROR;
				CLANG_WARN_QUOTED_INCLUDE_IN_FRAMEWORK_HEADER = YES;
				CLANG_WARN_RANGE_LOOP_ANALYSIS = YES;
				CLANG_WARN_STRICT_PROTOTYPES = YES;
				CLANG_WARN_SUSPICIOUS_MOVE = YES;
				CLANG_WARN_UNGUARDED_AVAILABILITY = YES_AGGRESSIVE;
				CLANG_WARN_UNREACHABLE_CODE = YES;
				CLANG_WARN__DUPLICATE_METHOD_MATCH = YES;
				COPY_PHASE_STRIP = NO;
				DEBUG_INFORMATION_FORMAT = dwarf;
				ENABLE_STRICT_OBJC_MSGSEND = YES;
				ENABLE_TESTABILITY = YES;
				GCC_C_LANGUAGE_STANDARD = gnu11;
				GCC_DYNAMIC_NO_PIC = NO;
				GCC_NO_COMMON_BLOCKS = YES;
				GCC_OPTIMIZATION_LEVEL = 0;
				GCC_PREPROCESSOR_DEFINITIONS = (
					"DEBUG=1",
					"$(inherited)",
				);
				GCC_WARN_64_TO_32_BIT_CONVERSION = YES;
				GCC_WARN_ABOUT_RETURN_TYPE = YES_ERROR;
				GCC_WARN_UNDECLARED_SELECTOR = YES;
				GCC_WARN_UNINITIALIZED_AUTOS = YES_AGGRESSIVE;
				GCC_WARN_UNUSED_FUNCTION = YES;
				GCC_WARN_UNUSED_VARIABLE = YES;
				IPHONEOS_DEPLOYMENT_TARGET = 14.4;
				MTL_ENABLE_DEBUG_INFO = INCLUDE_SOURCE;
				MTL_FAST_MATH = YES;
				ONLY_ACTIVE_ARCH = YES;
				SDKROOT = iphoneos;
				SWIFT_ACTIVE_COMPILATION_CONDITIONS = DEBUG;
				SWIFT_OPTIMIZATION_LEVEL = "-Onone";
			};
			name = Debug;
		};
		6015D650263C062E0005182C /* Release */ = {
			isa = XCBuildConfiguration;
			buildSettings = {
				ALWAYS_SEARCH_USER_PATHS = NO;
				CLANG_ANALYZER_NONNULL = YES;
				CLANG_ANALYZER_NUMBER_OBJECT_CONVERSION = YES_AGGRESSIVE;
				CLANG_CXX_LANGUAGE_STANDARD = "gnu++14";
				CLANG_CXX_LIBRARY = "libc++";
				CLANG_ENABLE_MODULES = YES;
				CLANG_ENABLE_OBJC_ARC = YES;
				CLANG_ENABLE_OBJC_WEAK = YES;
				CLANG_WARN_BLOCK_CAPTURE_AUTORELEASING = YES;
				CLANG_WARN_BOOL_CONVERSION = YES;
				CLANG_WARN_COMMA = YES;
				CLANG_WARN_CONSTANT_CONVERSION = YES;
				CLANG_WARN_DEPRECATED_OBJC_IMPLEMENTATIONS = YES;
				CLANG_WARN_DIRECT_OBJC_ISA_USAGE = YES_ERROR;
				CLANG_WARN_DOCUMENTATION_COMMENTS = YES;
				CLANG_WARN_EMPTY_BODY = YES;
				CLANG_WARN_ENUM_CONVERSION = YES;
				CLANG_WARN_INFINITE_RECURSION = YES;
				CLANG_WARN_INT_CONVERSION = YES;
				CLANG_WARN_NON_LITERAL_NULL_CONVERSION = YES;
				CLANG_WARN_OBJC_IMPLICIT_RETAIN_SELF = YES;
				CLANG_WARN_OBJC_LITERAL_CONVERSION = YES;
				CLANG_WARN_OBJC_ROOT_CLASS = YES_ERROR;
				CLANG_WARN_QUOTED_INCLUDE_IN_FRAMEWORK_HEADER = YES;
				CLANG_WARN_RANGE_LOOP_ANALYSIS = YES;
				CLANG_WARN_STRICT_PROTOTYPES = YES;
				CLANG_WARN_SUSPICIOUS_MOVE = YES;
				CLANG_WARN_UNGUARDED_AVAILABILITY = YES_AGGRESSIVE;
				CLANG_WARN_UNREACHABLE_CODE = YES;
				CLANG_WARN__DUPLICATE_METHOD_MATCH = YES;
				COPY_PHASE_STRIP = NO;
				DEBUG_INFORMATION_FORMAT = "dwarf-with-dsym";
				ENABLE_NS_ASSERTIONS = NO;
				ENABLE_STRICT_OBJC_MSGSEND = YES;
				GCC_C_LANGUAGE_STANDARD = gnu11;
				GCC_NO_COMMON_BLOCKS = YES;
				GCC_WARN_64_TO_32_BIT_CONVERSION = YES;
				GCC_WARN_ABOUT_RETURN_TYPE = YES_ERROR;
				GCC_WARN_UNDECLARED_SELECTOR = YES;
				GCC_WARN_UNINITIALIZED_AUTOS = YES_AGGRESSIVE;
				GCC_WARN_UNUSED_FUNCTION = YES;
				GCC_WARN_UNUSED_VARIABLE = YES;
				IPHONEOS_DEPLOYMENT_TARGET = 14.4;
				MTL_ENABLE_DEBUG_INFO = NO;
				MTL_FAST_MATH = YES;
				SDKROOT = iphoneos;
				SWIFT_COMPILATION_MODE = wholemodule;
				SWIFT_OPTIMIZATION_LEVEL = "-O";
				VALIDATE_PRODUCT = YES;
			};
			name = Release;
		};
		6015D652263C062E0005182C /* Debug */ = {
			isa = XCBuildConfiguration;
			buildSettings = {
				ASSETCATALOG_COMPILER_APPICON_NAME = AppIcon;
				ASSETCATALOG_COMPILER_GLOBAL_ACCENT_COLOR_NAME = AccentColor;
				CODE_SIGN_STYLE = Automatic;
				DEVELOPMENT_TEAM = XJ33WS9HWL;
				INFOPLIST_FILE = "travel&co/Info.plist";
				LD_RUNPATH_SEARCH_PATHS = (
					"$(inherited)",
					"@executable_path/Frameworks",
				);
				PRODUCT_BUNDLE_IDENTIFIER = "AppleAcademy.travel-co";
				PRODUCT_NAME = "$(TARGET_NAME)";
				SWIFT_VERSION = 5.0;
				TARGETED_DEVICE_FAMILY = "1,2";
			};
			name = Debug;
		};
		6015D653263C062E0005182C /* Release */ = {
			isa = XCBuildConfiguration;
			buildSettings = {
				ASSETCATALOG_COMPILER_APPICON_NAME = AppIcon;
				ASSETCATALOG_COMPILER_GLOBAL_ACCENT_COLOR_NAME = AccentColor;
				CODE_SIGN_STYLE = Automatic;
				DEVELOPMENT_TEAM = XJ33WS9HWL;
				INFOPLIST_FILE = "travel&co/Info.plist";
				LD_RUNPATH_SEARCH_PATHS = (
					"$(inherited)",
					"@executable_path/Frameworks",
				);
				PRODUCT_BUNDLE_IDENTIFIER = "AppleAcademy.travel-co";
				PRODUCT_NAME = "$(TARGET_NAME)";
				SWIFT_VERSION = 5.0;
				TARGETED_DEVICE_FAMILY = "1,2";
			};
			name = Release;
		};
/* End XCBuildConfiguration section */

/* Begin XCConfigurationList section */
		6015D635263C062D0005182C /* Build configuration list for PBXProject "travel&co" */ = {
			isa = XCConfigurationList;
			buildConfigurations = (
				6015D64F263C062E0005182C /* Debug */,
				6015D650263C062E0005182C /* Release */,
			);
			defaultConfigurationIsVisible = 0;
			defaultConfigurationName = Release;
		};
		6015D651263C062E0005182C /* Build configuration list for PBXNativeTarget "travel&co" */ = {
			isa = XCConfigurationList;
			buildConfigurations = (
				6015D652263C062E0005182C /* Debug */,
				6015D653263C062E0005182C /* Release */,
			);
			defaultConfigurationIsVisible = 0;
			defaultConfigurationName = Release;
		};
/* End XCConfigurationList section */

/* Begin XCVersionGroup section */
		6015D646263C062D0005182C /* travel_co.xcdatamodeld */ = {
			isa = XCVersionGroup;
			children = (
				6015D647263C062D0005182C /* travel_co.xcdatamodel */,
			);
			currentVersion = 6015D647263C062D0005182C /* travel_co.xcdatamodel */;
			path = travel_co.xcdatamodeld;
			sourceTree = "<group>";
			versionGroupType = wrapper.xcdatamodel;
		};
/* End XCVersionGroup section */
	};
	rootObject = 6015D632263C062D0005182C /* Project object */;
}
